Microsoft Visual Studio Solution File, Format Version 12.00
# Visual Studio Version 17
VisualStudioVersion = 17.6.33723.286
MinimumVisualStudioVersion = 10.0.40219.1
Project("{9A19103F-16F7-4668-BE54-9A1E7A4F7556}") = "AllTurretsCanSetTarget", "AllTurretsCanSetTarget\AllTurretsCanSetTarget.csproj", "{94C6F904-268F-401D-B095-FD572AD80BCB}"
EndProject
Global
	GlobalSection(SolutionConfigurationPlatforms) = preSolution
		Debug|Any CPU = Debug|Any CPU
		Release|Any CPU = Release|Any CPU
	EndGlobalSection
	GlobalSection(ProjectConfigurationPlatforms) = postSolution
		{94C6F904-268F-401D-B095-FD572AD80BCB}.Debug|Any CPU.ActiveCfg = Debug|Any CPU
		{94C6F904-268F-401D-B095-FD572AD80BCB}.Debug|Any CPU.Build.0 = Debug|Any CPU
		{94C6F904-268F-401D-B095-FD572AD80BCB}.Release|Any CPU.ActiveCfg = Release|Any CPU
		{94C6F904-268F-401D-B095-FD572AD80BCB}.Release|Any CPU.Build.0 = Release|Any CPU
	EndGlobalSection
	GlobalSection(SolutionProperties) = preSolution
		HideSolutionNode = FALSE
	EndGlobalSection
	GlobalSection(ExtensibilityGlobals) = postSolution
		SolutionGuid = {f2b87468-7d87-4110-bbc0-3a084681bb3c}
	EndGlobalSection
EndGlobal
